
Microsoft Visual Studio Solution File, Format Version 12.00
# Visual Studio Version 17
VisualStudioVersion = 17.14.36616.10 d17.14
MinimumVisualStudioVersion = 10.0.40219.1
Project("{FAE04EC0-301F-11D3-BF4B-00C04F79EFBC}") = "portfolio", "portfolio.csproj", "{A38EF1D6-5486-4F8E-8E02-2C5AA5285559}"
EndProject
Global
	GlobalSection(SolutionConfigurationPlatforms) = preSolution
		Debug|Any CPU = Debug|Any CPU
		Release|Any CPU = Release|Any CPU
	EndGlobalSection
	GlobalSection(ProjectConfigurationPlatforms) = postSolution
		{A38EF1D6-5486-4F8E-8E02-2C5AA5285559}.Debug|Any CPU.ActiveCfg = Debug|Any CPU
		{A38EF1D6-5486-4F8E-8E02-2C5AA5285559}.Debug|Any CPU.Build.0 = Debug|Any CPU
		{A38EF1D6-5486-4F8E-8E02-2C5AA5285559}.Release|Any CPU.ActiveCfg = Release|Any CPU
		{A38EF1D6-5486-4F8E-8E02-2C5AA5285559}.Release|Any CPU.Build.0 = Release|Any CPU
	EndGlobalSection
	GlobalSection(SolutionProperties) = preSolution
		HideSolutionNode = FALSE
	EndGlobalSection
	GlobalSection(ExtensibilityGlobals) = postSolution
		SolutionGuid = {040F1423-ECCD-4F68-A46D-FC6C1038F212}
	EndGlobalSection
EndGlobal
